
Microsoft Visual Studio Solution File, Format Version 12.00
# Visual Studio Version 18
VisualStudioVersion = 18.3.11520.95
MinimumVisualStudioVersion = 10.0.40219.1
Project("{FAE04EC0-301F-11D3-BF4B-00C04F79EFBC}") = "GUS.REGON", "GUS.REGON\GUS.REGON.csproj", "{16EB223C-1E40-40BC-BE1D-983C223D8548}"
EndProject
Project("{FAE04EC0-301F-11D3-BF4B-00C04F79EFBC}") = "GUS.REGON.API", "GUS.REGON.API\GUS.REGON.API.csproj", "{AEB341CE-0734-456F-97A3-9A61F3C389DA}"
EndProject
Project("{FAE04EC0-301F-11D3-BF4B-00C04F79EFBC}") = "Base.Models", "..\Base\Base.Models\Base.Models.csproj", "{73FDF632-2E46-7C83-F640-66CDB1D4E037}"
EndProject
Project("{FAE04EC0-301F-11D3-BF4B-00C04F79EFBC}") = "Mapper", "..\Mapper\Mapper\Mapper.csproj", "{E7F0E4A8-AA90-958C-7A25-FB80AF6817F1}"
EndProject
Project("{2150E333-8FDC-42A3-9474-1A3956D46DE8}") = "Base", "Base", "{02EA681E-C7D8-13C7-8484-4AC65E1B71E8}"
EndProject
Project("{2150E333-8FDC-42A3-9474-1A3956D46DE8}") = "Layers", "Layers", "{543BCAFC-2642-46AC-B4E2-1AA05799BE16}"
EndProject
Project("{FAE04EC0-301F-11D3-BF4B-00C04F79EFBC}") = "Base.Pipelines", "..\Base\Base.Pipelines\Base.Pipelines.csproj", "{D347A770-D6A3-43BE-9794-23FA84C92E9E}"
EndProject
Project("{FAE04EC0-301F-11D3-BF4B-00C04F79EFBC}") = "Base.Exceptions", "..\Base\Base.Exceptions\Base.Exceptions.csproj", "{93C12005-10E9-901B-0F53-8241FB0E552A}"
EndProject
Project("{2150E333-8FDC-42A3-9474-1A3956D46DE8}") = "Database", "Database", "{4F8DC783-35D4-4C54-AF46-B74638DE9DAB}"
EndProject
Project("{FAE04EC0-301F-11D3-BF4B-00C04F79EFBC}") = "GUS.REGON.Database", "GUS.REGON.Database\GUS.REGON.Database.csproj", "{1B972CCD-11B1-4C5D-8D6B-C3FD4C799B30}"
EndProject
Project("{FAE04EC0-301F-11D3-BF4B-00C04F79EFBC}") = "GUS.REGON.Database.MsSql", "GUS.REGON.Database.MsSql\GUS.REGON.Database.MsSql.csproj", "{32D9245A-52D7-4D17-ADBD-522E8E285A42}"
EndProject
Project("{FAE04EC0-301F-11D3-BF4B-00C04F79EFBC}") = "GUS.REGON.Infrastructure", "GUS.REGON.Infrastructure\GUS.REGON.Infrastructure.csproj", "{04D910F9-16E2-4317-A490-8D8B2ABF2B6D}"
EndProject
Project("{FAE04EC0-301F-11D3-BF4B-00C04F79EFBC}") = "GUS.REGON.Application", "GUS.REGON.Application\GUS.REGON.Application.csproj", "{E28365A6-6CAA-490F-96C2-543F9B05A292}"
EndProject
Project("{FAE04EC0-301F-11D3-BF4B-00C04F79EFBC}") = "GUS.REGON.Models.Responses", "GUS.REGON.Models.Responses\GUS.REGON.Models.Responses.csproj", "{CAB39AE0-51D8-4C3B-82B2-82A6833CF6EE}"
EndProject
Global
	GlobalSection(SolutionConfigurationPlatforms) = preSolution
		Debug|Any CPU = Debug|Any CPU
		Release|Any CPU = Release|Any CPU
	EndGlobalSection
	GlobalSection(ProjectConfigurationPlatforms) = postSolution
		{16EB223C-1E40-40BC-BE1D-983C223D8548}.Debug|Any CPU.ActiveCfg = Debug|Any CPU
		{16EB223C-1E40-40BC-BE1D-983C223D8548}.Debug|Any CPU.Build.0 = Debug|Any CPU
		{16EB223C-1E40-40BC-BE1D-983C223D8548}.Release|Any CPU.ActiveCfg = Release|Any CPU
		{16EB223C-1E40-40BC-BE1D-983C223D8548}.Release|Any CPU.Build.0 = Release|Any CPU
		{AEB341CE-0734-456F-97A3-9A61F3C389DA}.Debug|Any CPU.ActiveCfg = Debug|Any CPU
		{AEB341CE-0734-456F-97A3-9A61F3C389DA}.Debug|Any CPU.Build.0 = Debug|Any CPU
		{AEB341CE-0734-456F-97A3-9A61F3C389DA}.Release|Any CPU.ActiveCfg = Release|Any CPU
		{AEB341CE-0734-456F-97A3-9A61F3C389DA}.Release|Any CPU.Build.0 = Release|Any CPU
		{73FDF632-2E46-7C83-F640-66CDB1D4E037}.Debug|Any CPU.ActiveCfg = Debug|Any CPU
		{73FDF632-2E46-7C83-F640-66CDB1D4E037}.Debug|Any CPU.Build.0 = Debug|Any CPU
		{73FDF632-2E46-7C83-F640-66CDB1D4E037}.Release|Any CPU.ActiveCfg = Release|Any CPU
		{73FDF632-2E46-7C83-F640-66CDB1D4E037}.Release|Any CPU.Build.0 = Release|Any CPU
		{E7F0E4A8-AA90-958C-7A25-FB80AF6817F1}.Debug|Any CPU.ActiveCfg = Debug|Any CPU
		{E7F0E4A8-AA90-958C-7A25-FB80AF6817F1}.Debug|Any CPU.Build.0 = Debug|Any CPU
		{E7F0E4A8-AA90-958C-7A25-FB80AF6817F1}.Release|Any CPU.ActiveCfg = Release|Any CPU
		{E7F0E4A8-AA90-958C-7A25-FB80AF6817F1}.Release|Any CPU.Build.0 = Release|Any CPU
		{D347A770-D6A3-43BE-9794-23FA84C92E9E}.Debug|Any CPU.ActiveCfg = Debug|Any CPU
		{D347A770-D6A3-43BE-9794-23FA84C92E9E}.Debug|Any CPU.Build.0 = Debug|Any CPU
		{D347A770-D6A3-43BE-9794-23FA84C92E9E}.Release|Any CPU.ActiveCfg = Release|Any CPU
		{D347A770-D6A3-43BE-9794-23FA84C92E9E}.Release|Any CPU.Build.0 = Release|Any CPU
		{93C12005-10E9-901B-0F53-8241FB0E552A}.Debug|Any CPU.ActiveCfg = Debug|Any CPU
		{93C12005-10E9-901B-0F53-8241FB0E552A}.Debug|Any CPU.Build.0 = Debug|Any CPU
		{93C12005-10E9-901B-0F53-8241FB0E552A}.Release|Any CPU.ActiveCfg = Release|Any CPU
		{93C12005-10E9-901B-0F53-8241FB0E552A}.Release|Any CPU.Build.0 = Release|Any CPU
		{1B972CCD-11B1-4C5D-8D6B-C3FD4C799B30}.Debug|Any CPU.ActiveCfg = Debug|Any CPU
		{1B972CCD-11B1-4C5D-8D6B-C3FD4C799B30}.Debug|Any CPU.Build.0 = Debug|Any CPU
		{1B972CCD-11B1-4C5D-8D6B-C3FD4C799B30}.Release|Any CPU.ActiveCfg = Release|Any CPU
		{1B972CCD-11B1-4C5D-8D6B-C3FD4C799B30}.Release|Any CPU.Build.0 = Release|Any CPU
		{32D9245A-52D7-4D17-ADBD-522E8E285A42}.Debug|Any CPU.ActiveCfg = Debug|Any CPU
		{32D9245A-52D7-4D17-ADBD-522E8E285A42}.Debug|Any CPU.Build.0 = Debug|Any CPU
		{32D9245A-52D7-4D17-ADBD-522E8E285A42}.Release|Any CPU.ActiveCfg = Release|Any CPU
		{32D9245A-52D7-4D17-ADBD-522E8E285A42}.Release|Any CPU.Build.0 = Release|Any CPU
		{04D910F9-16E2-4317-A490-8D8B2ABF2B6D}.Debug|Any CPU.ActiveCfg = Debug|Any CPU
		{04D910F9-16E2-4317-A490-8D8B2ABF2B6D}.Debug|Any CPU.Build.0 = Debug|Any CPU
		{04D910F9-16E2-4317-A490-8D8B2ABF2B6D}.Release|Any CPU.ActiveCfg = Release|Any CPU
		{04D910F9-16E2-4317-A490-8D8B2ABF2B6D}.Release|Any CPU.Build.0 = Release|Any CPU
		{E28365A6-6CAA-490F-96C2-543F9B05A292}.Debug|Any CPU.ActiveCfg = Debug|Any CPU
		{E28365A6-6CAA-490F-96C2-543F9B05A292}.Debug|Any CPU.Build.0 = Debug|Any CPU
		{E28365A6-6CAA-490F-96C2-543F9B05A292}.Release|Any CPU.ActiveCfg = Release|Any CPU
		{E28365A6-6CAA-490F-96C2-543F9B05A292}.Release|Any CPU.Build.0 = Release|Any CPU
		{CAB39AE0-51D8-4C3B-82B2-82A6833CF6EE}.Debug|Any CPU.ActiveCfg = Debug|Any CPU
		{CAB39AE0-51D8-4C3B-82B2-82A6833CF6EE}.Debug|Any CPU.Build.0 = Debug|Any CPU
		{CAB39AE0-51D8-4C3B-82B2-82A6833CF6EE}.Release|Any CPU.ActiveCfg = Release|Any CPU
		{CAB39AE0-51D8-4C3B-82B2-82A6833CF6EE}.Release|Any CPU.Build.0 = Release|Any CPU
	EndGlobalSection
	GlobalSection(SolutionProperties) = preSolution
		HideSolutionNode = FALSE
	EndGlobalSection
	GlobalSection(NestedProjects) = preSolution
		{AEB341CE-0734-456F-97A3-9A61F3C389DA} = {543BCAFC-2642-46AC-B4E2-1AA05799BE16}
		{73FDF632-2E46-7C83-F640-66CDB1D4E037} = {02EA681E-C7D8-13C7-8484-4AC65E1B71E8}
		{E7F0E4A8-AA90-958C-7A25-FB80AF6817F1} = {02EA681E-C7D8-13C7-8484-4AC65E1B71E8}
		{D347A770-D6A3-43BE-9794-23FA84C92E9E} = {02EA681E-C7D8-13C7-8484-4AC65E1B71E8}
		{93C12005-10E9-901B-0F53-8241FB0E552A} = {02EA681E-C7D8-13C7-8484-4AC65E1B71E8}
		{1B972CCD-11B1-4C5D-8D6B-C3FD4C799B30} = {4F8DC783-35D4-4C54-AF46-B74638DE9DAB}
		{32D9245A-52D7-4D17-ADBD-522E8E285A42} = {4F8DC783-35D4-4C54-AF46-B74638DE9DAB}
		{04D910F9-16E2-4317-A490-8D8B2ABF2B6D} = {543BCAFC-2642-46AC-B4E2-1AA05799BE16}
		{E28365A6-6CAA-490F-96C2-543F9B05A292} = {543BCAFC-2642-46AC-B4E2-1AA05799BE16}
		{CAB39AE0-51D8-4C3B-82B2-82A6833CF6EE} = {543BCAFC-2642-46AC-B4E2-1AA05799BE16}
	EndGlobalSection
	GlobalSection(ExtensibilityGlobals) = postSolution
		SolutionGuid = {83D45A36-F9F0-4555-A7D4-CD9321055D7E}
	EndGlobalSection
EndGlobal
