
Microsoft Visual Studio Solution File, Format Version 12.00
# Visual Studio Version 17
VisualStudioVersion = 17.14.36804.6
MinimumVisualStudioVersion = 10.0.40219.1
Project("{FAE04EC0-301F-11D3-BF4B-00C04F79EFBC}") = "GUS.TERYT.API", "GUS.TERYT.API\GUS.TERYT.API.csproj", "{5EC734E9-33BA-4345-B93D-5271E2B0FCB7}"
EndProject
Project("{FAE04EC0-301F-11D3-BF4B-00C04F79EFBC}") = "GUS.TERYT.Files", "GUS.TERYT.Files\GUS.TERYT.Files.csproj", "{3B8D35AF-F253-79D2-CAE4-1F5389847029}"
EndProject
Project("{FAE04EC0-301F-11D3-BF4B-00C04F79EFBC}") = "Mapper", "..\Mapper\Mapper\Mapper.csproj", "{E7F0E4A8-AA90-958C-7A25-FB80AF6817F1}"
EndProject
Project("{FAE04EC0-301F-11D3-BF4B-00C04F79EFBC}") = "GUS.TERYT.Infrastructure", "GUS.TERYT.Infrastructure\GUS.TERYT.Infrastructure.csproj", "{AD39F9A0-D01D-4ABE-B688-B674B4587933}"
EndProject
Project("{FAE04EC0-301F-11D3-BF4B-00C04F79EFBC}") = "GUS.TERYT.Application", "GUS.TERYT.Application\GUS.TERYT.Application.csproj", "{64A86FD7-64D6-48DE-99E6-E5FA8DEECEB5}"
EndProject
Project("{2150E333-8FDC-42A3-9474-1A3956D46DE8}") = "Layers", "Layers", "{02EA681E-C7D8-13C7-8484-4AC65E1B71E8}"
EndProject
Project("{2150E333-8FDC-42A3-9474-1A3956D46DE8}") = "Database", "Database", "{1B5B6A71-9696-492A-BAB4-A8EEB0A1100C}"
EndProject
Project("{FAE04EC0-301F-11D3-BF4B-00C04F79EFBC}") = "GUS.TERYT.Database", "GUS.TERYT.Database\GUS.TERYT.Database.csproj", "{C0BB67BB-2361-4ED5-B603-21514C063AAB}"
EndProject
Project("{FAE04EC0-301F-11D3-BF4B-00C04F79EFBC}") = "GUS.TERYT.Database.MsSql", "GUS.TERYT.Database.MsSql\GUS.TERYT.Database.MsSql.csproj", "{892FB469-01FE-4891-83ED-A4F1E4E727E8}"
EndProject
Project("{FAE04EC0-301F-11D3-BF4B-00C04F79EFBC}") = "Base.Models", "..\Base\Base.Models\Base.Models.csproj", "{73FDF632-2E46-7C83-F640-66CDB1D4E037}"
EndProject
Project("{2150E333-8FDC-42A3-9474-1A3956D46DE8}") = "Base", "Base", "{F6AF7D3F-5D41-4B3D-9BF7-76CB77362299}"
EndProject
Project("{FAE04EC0-301F-11D3-BF4B-00C04F79EFBC}") = "GUS.TERYT.Models.Requests", "GUS.TERYT.Models.Requests\GUS.TERYT.Models.Requests.csproj", "{B1F7330A-0618-4E4C-8C50-98D81283A501}"
EndProject
Project("{FAE04EC0-301F-11D3-BF4B-00C04F79EFBC}") = "GUS.TERYT.Models.Responses", "GUS.TERYT.Models.Responses\GUS.TERYT.Models.Responses.csproj", "{9F43AB2E-4182-4AC8-99BA-08CBFB31711B}"
EndProject
Global
	GlobalSection(SolutionConfigurationPlatforms) = preSolution
		Debug|Any CPU = Debug|Any CPU
		Release|Any CPU = Release|Any CPU
	EndGlobalSection
	GlobalSection(ProjectConfigurationPlatforms) = postSolution
		{5EC734E9-33BA-4345-B93D-5271E2B0FCB7}.Debug|Any CPU.ActiveCfg = Debug|Any CPU
		{5EC734E9-33BA-4345-B93D-5271E2B0FCB7}.Debug|Any CPU.Build.0 = Debug|Any CPU
		{5EC734E9-33BA-4345-B93D-5271E2B0FCB7}.Release|Any CPU.ActiveCfg = Release|Any CPU
		{5EC734E9-33BA-4345-B93D-5271E2B0FCB7}.Release|Any CPU.Build.0 = Release|Any CPU
		{3B8D35AF-F253-79D2-CAE4-1F5389847029}.Debug|Any CPU.ActiveCfg = Debug|Any CPU
		{3B8D35AF-F253-79D2-CAE4-1F5389847029}.Debug|Any CPU.Build.0 = Debug|Any CPU
		{3B8D35AF-F253-79D2-CAE4-1F5389847029}.Release|Any CPU.ActiveCfg = Release|Any CPU
		{3B8D35AF-F253-79D2-CAE4-1F5389847029}.Release|Any CPU.Build.0 = Release|Any CPU
		{E7F0E4A8-AA90-958C-7A25-FB80AF6817F1}.Debug|Any CPU.ActiveCfg = Debug|Any CPU
		{E7F0E4A8-AA90-958C-7A25-FB80AF6817F1}.Debug|Any CPU.Build.0 = Debug|Any CPU
		{E7F0E4A8-AA90-958C-7A25-FB80AF6817F1}.Release|Any CPU.ActiveCfg = Release|Any CPU
		{E7F0E4A8-AA90-958C-7A25-FB80AF6817F1}.Release|Any CPU.Build.0 = Release|Any CPU
		{AD39F9A0-D01D-4ABE-B688-B674B4587933}.Debug|Any CPU.ActiveCfg = Debug|Any CPU
		{AD39F9A0-D01D-4ABE-B688-B674B4587933}.Debug|Any CPU.Build.0 = Debug|Any CPU
		{AD39F9A0-D01D-4ABE-B688-B674B4587933}.Release|Any CPU.ActiveCfg = Release|Any CPU
		{AD39F9A0-D01D-4ABE-B688-B674B4587933}.Release|Any CPU.Build.0 = Release|Any CPU
		{64A86FD7-64D6-48DE-99E6-E5FA8DEECEB5}.Debug|Any CPU.ActiveCfg = Debug|Any CPU
		{64A86FD7-64D6-48DE-99E6-E5FA8DEECEB5}.Debug|Any CPU.Build.0 = Debug|Any CPU
		{64A86FD7-64D6-48DE-99E6-E5FA8DEECEB5}.Release|Any CPU.ActiveCfg = Release|Any CPU
		{64A86FD7-64D6-48DE-99E6-E5FA8DEECEB5}.Release|Any CPU.Build.0 = Release|Any CPU
		{C0BB67BB-2361-4ED5-B603-21514C063AAB}.Debug|Any CPU.ActiveCfg = Debug|Any CPU
		{C0BB67BB-2361-4ED5-B603-21514C063AAB}.Debug|Any CPU.Build.0 = Debug|Any CPU
		{C0BB67BB-2361-4ED5-B603-21514C063AAB}.Release|Any CPU.ActiveCfg = Release|Any CPU
		{C0BB67BB-2361-4ED5-B603-21514C063AAB}.Release|Any CPU.Build.0 = Release|Any CPU
		{892FB469-01FE-4891-83ED-A4F1E4E727E8}.Debug|Any CPU.ActiveCfg = Debug|Any CPU
		{892FB469-01FE-4891-83ED-A4F1E4E727E8}.Debug|Any CPU.Build.0 = Debug|Any CPU
		{892FB469-01FE-4891-83ED-A4F1E4E727E8}.Release|Any CPU.ActiveCfg = Release|Any CPU
		{892FB469-01FE-4891-83ED-A4F1E4E727E8}.Release|Any CPU.Build.0 = Release|Any CPU
		{73FDF632-2E46-7C83-F640-66CDB1D4E037}.Debug|Any CPU.ActiveCfg = Debug|Any CPU
		{73FDF632-2E46-7C83-F640-66CDB1D4E037}.Debug|Any CPU.Build.0 = Debug|Any CPU
		{73FDF632-2E46-7C83-F640-66CDB1D4E037}.Release|Any CPU.ActiveCfg = Release|Any CPU
		{73FDF632-2E46-7C83-F640-66CDB1D4E037}.Release|Any CPU.Build.0 = Release|Any CPU
		{B1F7330A-0618-4E4C-8C50-98D81283A501}.Debug|Any CPU.ActiveCfg = Debug|Any CPU
		{B1F7330A-0618-4E4C-8C50-98D81283A501}.Debug|Any CPU.Build.0 = Debug|Any CPU
		{B1F7330A-0618-4E4C-8C50-98D81283A501}.Release|Any CPU.ActiveCfg = Release|Any CPU
		{B1F7330A-0618-4E4C-8C50-98D81283A501}.Release|Any CPU.Build.0 = Release|Any CPU
		{9F43AB2E-4182-4AC8-99BA-08CBFB31711B}.Debug|Any CPU.ActiveCfg = Debug|Any CPU
		{9F43AB2E-4182-4AC8-99BA-08CBFB31711B}.Debug|Any CPU.Build.0 = Debug|Any CPU
		{9F43AB2E-4182-4AC8-99BA-08CBFB31711B}.Release|Any CPU.ActiveCfg = Release|Any CPU
		{9F43AB2E-4182-4AC8-99BA-08CBFB31711B}.Release|Any CPU.Build.0 = Release|Any CPU
	EndGlobalSection
	GlobalSection(SolutionProperties) = preSolution
		HideSolutionNode = FALSE
	EndGlobalSection
	GlobalSection(NestedProjects) = preSolution
		{5EC734E9-33BA-4345-B93D-5271E2B0FCB7} = {02EA681E-C7D8-13C7-8484-4AC65E1B71E8}
		{E7F0E4A8-AA90-958C-7A25-FB80AF6817F1} = {F6AF7D3F-5D41-4B3D-9BF7-76CB77362299}
		{AD39F9A0-D01D-4ABE-B688-B674B4587933} = {02EA681E-C7D8-13C7-8484-4AC65E1B71E8}
		{64A86FD7-64D6-48DE-99E6-E5FA8DEECEB5} = {02EA681E-C7D8-13C7-8484-4AC65E1B71E8}
		{C0BB67BB-2361-4ED5-B603-21514C063AAB} = {1B5B6A71-9696-492A-BAB4-A8EEB0A1100C}
		{892FB469-01FE-4891-83ED-A4F1E4E727E8} = {1B5B6A71-9696-492A-BAB4-A8EEB0A1100C}
		{73FDF632-2E46-7C83-F640-66CDB1D4E037} = {F6AF7D3F-5D41-4B3D-9BF7-76CB77362299}
		{B1F7330A-0618-4E4C-8C50-98D81283A501} = {02EA681E-C7D8-13C7-8484-4AC65E1B71E8}
		{9F43AB2E-4182-4AC8-99BA-08CBFB31711B} = {02EA681E-C7D8-13C7-8484-4AC65E1B71E8}
	EndGlobalSection
	GlobalSection(ExtensibilityGlobals) = postSolution
		SolutionGuid = {065593D3-F6FD-400F-994C-697437140322}
	EndGlobalSection
EndGlobal
